// !$*UTF8*$!
{
	archiveVersion = 1;
	classes = {
	};
	objectVersion = 48;
	objects = {

/* Begin PBXBuildFile section */
		ABAE56701FDF9C550066052B /* AppDelegate.swift in Sources */ = {isa = PBXBuildFile; fileRef = ABAE566F1FDF9C550066052B /* AppDelegate.swift */; };
		ABAE56721FDF9C560066052B /* ViewController.swift in Sources */ = {isa = PBXBuildFile; fileRef = ABAE56711FDF9C560066052B /* ViewController.swift */; };
		ABAE56751FDF9C560066052B /* Main.storyboard in Resources */ = {isa = PBXBuildFile; fileRef = ABAE56731FDF9C560066052B /* Main.storyboard */; };
		ABAE56771FDF9C560066052B /* Assets.xcassets in Resources */ = {isa = PBXBuildFile; fileRef = ABAE56761FDF9C560066052B /* Assets.xcassets */; };
		ABAE567A1FDF9C560066052B /* LaunchScreen.storyboard in Resources */ = {isa = PBXBuildFile; fileRef = ABAE56781FDF9C560066052B /* LaunchScreen.storyboard */; };
		ABAE56851FDF9C570066052B /* ExpressionBuilderDemoTests.swift in Sources */ = {isa = PBXBuildFile; fileRef = ABAE56841FDF9C570066052B /* ExpressionBuilderDemoTests.swift */; };
		ABAE56901FDF9C570066052B /* ExpressionBuilderDemoUITests.swift in Sources */ = {isa = PBXBuildFile; fileRef = ABAE568F1FDF9C570066052B /* ExpressionBuilderDemoUITests.swift */; };
/* End PBXBuildFile section */

/* Begin PBXContainerItemProxy section */
		ABAE56811FDF9C570066052B /* PBXContainerItemProxy */ = {
			isa = PBXContainerItemProxy;
			containerPortal = ABAE56641FDF9C550066052B /* Project object */;
			proxyType = 1;
			remoteGlobalIDString = ABAE566B1FDF9C550066052B;
			remoteInfo = ExpressionBuilderDemo;
		};
		ABAE568C1FDF9C570066052B /* PBXContainerItemProxy */ = {
			isa = PBXContainerItemProxy;
			containerPortal = ABAE56641FDF9C550066052B /* Project object */;
			proxyType = 1;
			remoteGlobalIDString = ABAE566B1FDF9C550066052B;
			remoteInfo = ExpressionBuilderDemo;
		};
/* End PBXContainerItemProxy section */

/* Begin PBXFileReference section */
		ABAE566C1FDF9C550066052B /* ExpressionBuilderDemo.app */ = {isa = PBXFileReference; explicitFileType = wrapper.application; includeInIndex = 0; path = ExpressionBuilderDemo.app; sourceTree = BUILT_PRODUCTS_DIR; };
		ABAE566F1FDF9C550066052B /* AppDelegate.swift */ = {isa = PBXFileReference; lastKnownFileType = sourcecode.swift; path = AppDelegate.swift; sourceTree = "<group>"; };
		ABAE56711FDF9C560066052B /* ViewController.swift */ = {isa = PBXFileReference; lastKnownFileType = sourcecode.swift; path = ViewController.swift; sourceTree = "<group>"; };
		ABAE56741FDF9C560066052B /* Base */ = {isa = PBXFileReference; lastKnownFileType = file.storyboard; name = Base; path = Base.lproj/Main.storyboard; sourceTree = "<group>"; };
		ABAE56761FDF9C560066052B /* Assets.xcassets */ = {isa = PBXFileReference; lastKnownFileType = folder.assetcatalog; path = Assets.xcassets; sourceTree = "<group>"; };
		ABAE56791FDF9C560066052B /* Base */ = {isa = PBXFileReference; lastKnownFileType = file.storyboard; name = Base; path = Base.lproj/LaunchScreen.storyboard; sourceTree = "<group>"; };
		ABAE567B1FDF9C560066052B /* Info.plist */ = {isa = PBXFileReference; lastKnownFileType = text.plist.xml; path = Info.plist; sourceTree = "<group>"; };
		ABAE56801FDF9C570066052B /* ExpressionBuilderDemoTests.xctest */ = {isa = PBXFileReference; explicitFileType = wrapper.cfbundle; includeInIndex = 0; path = ExpressionBuilderDemoTests.xctest; sourceTree = BUILT_PRODUCTS_DIR; };
		ABAE56841FDF9C570066052B /* ExpressionBuilderDemoTests.swift */ = {isa = PBXFileReference; lastKnownFileType = sourcecode.swift; path = ExpressionBuilderDemoTests.swift; sourceTree = "<group>"; };
		ABAE56861FDF9C570066052B /* Info.plist */ = {isa = PBXFileReference; lastKnownFileType = text.plist.xml; path = Info.plist; sourceTree = "<group>"; };
		ABAE568B1FDF9C570066052B /* ExpressionBuilderDemoUITests.xctest */ = {isa = PBXFileReference; explicitFileType = wrapper.cfbundle; includeInIndex = 0; path = ExpressionBuilderDemoUITests.xctest; sourceTree = BUILT_PRODUCTS_DIR; };
		ABAE568F1FDF9C570066052B /* ExpressionBuilderDemoUITests.swift */ = {isa = PBXFileReference; lastKnownFileType = sourcecode.swift; path = ExpressionBuilderDemoUITests.swift; sourceTree = "<group>"; };
		ABAE56911FDF9C570066052B /* Info.plist */ = {isa = PBXFileReference; lastKnownFileType = text.plist.xml; path = Info.plist; sourceTree = "<group>"; };
/* End PBXFileReference section */

/* Begin PBXFrameworksBuildPhase section */
		ABAE56691FDF9C550066052B /* Frameworks */ = {
			isa = PBXFrameworksBuildPhase;
			buildActionMask = 2147483647;
			files = (
			);
			runOnlyForDeploymentPostprocessing = 0;
		};
		ABAE567D1FDF9C570066052B /* Frameworks */ = {
			isa = PBXFrameworksBuildPhase;
			buildActionMask = 2147483647;
			files = (
			);
			runOnlyForDeploymentPostprocessing = 0;
		};
		ABAE56881FDF9C570066052B /* Frameworks */ = {
			isa = PBXFrameworksBuildPhase;
			buildActionMask = 2147483647;
			files = (
			);
			runOnlyForDeploymentPostprocessing = 0;
		};
/* End PBXFrameworksBuildPhase section */

/* Begin PBXGroup section */
		ABAE56631FDF9C550066052B = {
			isa = PBXGroup;
			children = (
				ABAE566E1FDF9C550066052B /* ExpressionBuilderDemo */,
				ABAE56831FDF9C570066052B /* ExpressionBuilderDemoTests */,
				ABAE568E1FDF9C570066052B /* ExpressionBuilderDemoUITests */,
				ABAE566D1FDF9C550066052B /* Products */,
			);
			sourceTree = "<group>";
		};
		ABAE566D1FDF9C550066052B /* Products */ = {
			isa = PBXGroup;
			children = (
				ABAE566C1FDF9C550066052B /* ExpressionBuilderDemo.app */,
				ABAE56801FDF9C570066052B /* ExpressionBuilderDemoTests.xctest */,
				ABAE568B1FDF9C570066052B /* ExpressionBuilderDemoUITests.xctest */,
			);
			name = Products;
			sourceTree = "<group>";
		};
		ABAE566E1FDF9C550066052B /* ExpressionBuilderDemo */ = {
			isa = PBXGroup;
			children = (
				ABAE566F1FDF9C550066052B /* AppDelegate.swift */,
				ABAE56711FDF9C560066052B /* ViewController.swift */,
				ABAE56731FDF9C560066052B /* Main.storyboard */,
				ABAE56761FDF9C560066052B /* Assets.xcassets */,
				ABAE56781FDF9C560066052B /* LaunchScreen.storyboard */,
				ABAE567B1FDF9C560066052B /* Info.plist */,
			);
			path = ExpressionBuilderDemo;
			sourceTree = "<group>";
		};
		ABAE56831FDF9C570066052B /* ExpressionBuilderDemoTests */ = {
			isa = PBXGroup;
			children = (
				ABAE56841FDF9C570066052B /* ExpressionBuilderDemoTests.swift */,
				ABAE56861FDF9C570066052B /* Info.plist */,
			);
			path = ExpressionBuilderDemoTests;
			sourceTree = "<group>";
		};
		ABAE568E1FDF9C570066052B /* ExpressionBuilderDemoUITests */ = {
			isa = PBXGroup;
			children = (
				ABAE568F1FDF9C570066052B /* ExpressionBuilderDemoUITests.swift */,
				ABAE56911FDF9C570066052B /* Info.plist */,
			);
			path = ExpressionBuilderDemoUITests;
			sourceTree = "<group>";
		};
/* End PBXGroup section */

/* Begin PBXNativeTarget section */
		ABAE566B1FDF9C550066052B /* ExpressionBuilderDemo */ = {
			isa = PBXNativeTarget;
			buildConfigurationList = ABAE56941FDF9C570066052B /* Build configuration list for PBXNativeTarget "ExpressionBuilderDemo" */;
			buildPhases = (
				ABAE56681FDF9C550066052B /* Sources */,
				ABAE56691FDF9C550066052B /* Frameworks */,
				ABAE566A1FDF9C550066052B /* Resources */,
			);
			buildRules = (
			);
			dependencies = (
			);
			name = ExpressionBuilderDemo;
			productName = ExpressionBuilderDemo;
			productReference = ABAE566C1FDF9C550066052B /* ExpressionBuilderDemo.app */;
			productType = "com.apple.product-type.application";
		};
		ABAE567F1FDF9C570066052B /* ExpressionBuilderDemoTests */ = {
			isa = PBXNativeTarget;
			buildConfigurationList = ABAE56971FDF9C570066052B /* Build configuration list for PBXNativeTarget "ExpressionBuilderDemoTests" */;
			buildPhases = (
				ABAE567C1FDF9C570066052B /* Sources */,
				ABAE567D1FDF9C570066052B /* Frameworks */,
				ABAE567E1FDF9C570066052B /* Resources */,
			);
			buildRules = (
			);
			dependencies = (
				ABAE56821FDF9C570066052B /* PBXTargetDependency */,
			);
			name = ExpressionBuilderDemoTests;
			productName = ExpressionBuilderDemoTests;
			productReference = ABAE56801FDF9C570066052B /* ExpressionBuilderDemoTests.xctest */;
			productType = "com.apple.product-type.bundle.unit-test";
		};
		ABAE568A1FDF9C570066052B /* ExpressionBuilderDemoUITests */ = {
			isa = PBXNativeTarget;
			buildConfigurationList = ABAE569A1FDF9C570066052B /* Build configuration list for PBXNativeTarget "ExpressionBuilderDemoUITests" */;
			buildPhases = (
				ABAE56871FDF9C570066052B /* Sources */,
				ABAE56881FDF9C570066052B /* Frameworks */,
				ABAE56891FDF9C570066052B /* Resources */,
			);
			buildRules = (
			);
			dependencies = (
				ABAE568D1FDF9C570066052B /* PBXTargetDependency */,
			);
			name = ExpressionBuilderDemoUITests;
			productName = ExpressionBuilderDemoUITests;
			productReference = ABAE568B1FDF9C570066052B /* ExpressionBuilderDemoUITests.xctest */;
			productType = "com.apple.product-type.bundle.ui-testing";
		};
/* End PBXNativeTarget section */

/* Begin PBXProject section */
		ABAE56641FDF9C550066052B /* Project object */ = {
			isa = PBXProject;
			attributes = {
				LastSwiftUpdateCheck = 0910;
				LastUpgradeCheck = 0910;
				ORGANIZATIONNAME = "Varun Naharia";
				TargetAttributes = {
					ABAE566B1FDF9C550066052B = {
						CreatedOnToolsVersion = 9.1;
						ProvisioningStyle = Automatic;
					};
					ABAE567F1FDF9C570066052B = {
						CreatedOnToolsVersion = 9.1;
						ProvisioningStyle = Automatic;
						TestTargetID = ABAE566B1FDF9C550066052B;
					};
					ABAE568A1FDF9C570066052B = {
						CreatedOnToolsVersion = 9.1;
						ProvisioningStyle = Automatic;
						TestTargetID = ABAE566B1FDF9C550066052B;
					};
				};
			};
			buildConfigurationList = ABAE56671FDF9C550066052B /* Build configuration list for PBXProject "ExpressionBuilderDemo" */;
			compatibilityVersion = "Xcode 8.0";
			developmentRegion = en;
			hasScannedForEncodings = 0;
			knownRegions = (
				en,
				Base,
			);
			mainGroup = ABAE56631FDF9C550066052B;
			productRefGroup = ABAE566D1FDF9C550066052B /* Products */;
			projectDirPath = "";
			projectRoot = "";
			targets = (
				ABAE566B1FDF9C550066052B /* ExpressionBuilderDemo */,
				ABAE567F1FDF9C570066052B /* ExpressionBuilderDemoTests */,
				ABAE568A1FDF9C570066052B /* ExpressionBuilderDemoUITests */,
			);
		};
/* End PBXProject section */

/* Begin PBXResourcesBuildPhase section */
		ABAE566A1FDF9C550066052B /* Resources */ = {
			isa = PBXResourcesBuildPhase;
			buildActionMask = 2147483647;
			files = (
				ABAE567A1FDF9C560066052B /* LaunchScreen.storyboard in Resources */,
				ABAE56771FDF9C560066052B /* Assets.xcassets in Resources */,
				ABAE56751FDF9C560066052B /* Main.storyboard in Resources */,
			);
			runOnlyForDeploymentPostprocessing = 0;
		};
		ABAE567E1FDF9C570066052B /* Resources */ = {
			isa = PBXResourcesBuildPhase;
			buildActionMask = 2147483647;
			files = (
			);
			runOnlyForDeploymentPostprocessing = 0;
		};
		ABAE56891FDF9C570066052B /* Resources */ = {
			isa = PBXResourcesBuildPhase;
			buildActionMask = 2147483647;
			files = (
			);
			runOnlyForDeploymentPostprocessing = 0;
		};
/* End PBXResourcesBuildPhase section */

/* Begin PBXSourcesBuildPhase section */
		ABAE56681FDF9C550066052B /* Sources */ = {
			isa = PBXSourcesBuildPhase;
			buildActionMask = 2147483647;
			files = (
				ABAE56721FDF9C560066052B /* ViewController.swift in Sources */,
				ABAE56701FDF9C550066052B /* AppDelegate.swift in Sources */,
			);
			runOnlyForDeploymentPostprocessing = 0;
		};
		ABAE567C1FDF9C570066052B /* Sources */ = {
			isa = PBXSourcesBuildPhase;
			buildActionMask = 2147483647;
			files = (
				ABAE56851FDF9C570066052B /* ExpressionBuilderDemoTests.swift in Sources */,
			);
			runOnlyForDeploymentPostprocessing = 0;
		};
		ABAE56871FDF9C570066052B /* Sources */ = {
			isa = PBXSourcesBuildPhase;
			buildActionMask = 2147483647;
			files = (
				ABAE56901FDF9C570066052B /* ExpressionBuilderDemoUITests.swift in Sources */,
			);
			runOnlyForDeploymentPostprocessing = 0;
		};
/* End PBXSourcesBuildPhase section */

/* Begin PBXTargetDependency section */
		ABAE56821FDF9C570066052B /* PBXTargetDependency */ = {
			isa = PBXTargetDependency;
			target = ABAE566B1FDF9C550066052B /* ExpressionBuilderDemo */;
			targetProxy = ABAE56811FDF9C570066052B /* PBXContainerItemProxy */;
		};
		ABAE568D1FDF9C570066052B /* PBXTargetDependency */ = {
			isa = PBXTargetDependency;
			target = ABAE566B1FDF9C550066052B /* ExpressionBuilderDemo */;
			targetProxy = ABAE568C1FDF9C570066052B /* PBXContainerItemProxy */;
		};
/* End PBXTargetDependency section */

/* Begin PBXVariantGroup section */
		ABAE56731FDF9C560066052B /* Main.storyboard */ = {
			isa = PBXVariantGroup;
			children = (
				ABAE56741FDF9C560066052B /* Base */,
			);
			name = Main.storyboard;
			sourceTree = "<group>";
		};
		ABAE56781FDF9C560066052B /* LaunchScreen.storyboard */ = {
			isa = PBXVariantGroup;
			children = (
				ABAE56791FDF9C560066052B /* Base */,
			);
			name = LaunchScreen.storyboard;
			sourceTree = "<group>";
		};
/* End PBXVariantGroup section */

/* Begin XCBuildConfiguration section */
		ABAE56921FDF9C570066052B /* Debug */ = {
			isa = XCBuildConfiguration;
			buildSettings = {
				ALWAYS_SEARCH_USER_PATHS = NO;
				CLANG_ANALYZER_NONNULL = YES;
				CLANG_ANALYZER_NUMBER_OBJECT_CONVERSION = YES_AGGRESSIVE;
				CLANG_CXX_LANGUAGE_STANDARD = "gnu++14";
				CLANG_CXX_LIBRARY = "libc++";
				CLANG_ENABLE_MODULES = YES;
				CLANG_ENABLE_OBJC_ARC = YES;
				CLANG_WARN_BLOCK_CAPTURE_AUTORELEASING = YES;
				CLANG_WARN_BOOL_CONVERSION = YES;
				CLANG_WARN_COMMA = YES;
				CLANG_WARN_CONSTANT_CONVERSION = YES;
				CLANG_WARN_DIRECT_OBJC_ISA_USAGE = YES_ERROR;
				CLANG_WARN_DOCUMENTATION_COMMENTS = YES;
				CLANG_WARN_EMPTY_BODY = YES;
				CLANG_WARN_ENUM_CONVERSION = YES;
				CLANG_WARN_INFINITE_RECURSION = YES;
				CLANG_WARN_INT_CONVERSION = YES;
				CLANG_WARN_NON_LITERAL_NULL_CONVERSION = YES;
				CLANG_WARN_OBJC_LITERAL_CONVERSION = YES;
				CLANG_WARN_OBJC_ROOT_CLASS = YES_ERROR;
				CLANG_WARN_RANGE_LOOP_ANALYSIS = YES;
				CLANG_WARN_STRICT_PROTOTYPES = YES;
				CLANG_WARN_SUSPICIOUS_MOVE = YES;
				CLANG_WARN_UNGUARDED_AVAILABILITY = YES_AGGRESSIVE;
				CLANG_WARN_UNREACHABLE_CODE = YES;
				CLANG_WARN__DUPLICATE_METHOD_MATCH = YES;
				CODE_SIGN_IDENTITY = "iPhone Developer";
				COPY_PHASE_STRIP = NO;
				DEBUG_INFORMATION_FORMAT = dwarf;
				ENABLE_STRICT_OBJC_MSGSEND = YES;
				ENABLE_TESTABILITY = YES;
				GCC_C_LANGUAGE_STANDARD = gnu11;
				GCC_DYNAMIC_NO_PIC = NO;
				GCC_NO_COMMON_BLOCKS = YES;
				GCC_OPTIMIZATION_LEVEL = 0;
				GCC_PREPROCESSOR_DEFINITIONS = (
					"DEBUG=1",
					"$(inherited)",
				);
				GCC_WARN_64_TO_32_BIT_CONVERSION = YES;
				GCC_WARN_ABOUT_RETURN_TYPE = YES_ERROR;
				GCC_WARN_UNDECLARED_SELECTOR = YES;
				GCC_WARN_UNINITIALIZED_AUTOS = YES_AGGRESSIVE;
				GCC_WARN_UNUSED_FUNCTION = YES;
				GCC_WARN_UNUSED_VARIABLE = YES;
				IPHONEOS_DEPLOYMENT_TARGET = 11.1;
				MTL_ENABLE_DEBUG_INFO = YES;
				ONLY_ACTIVE_ARCH = YES;
				SDKROOT = iphoneos;
				SWIFT_ACTIVE_COMPILATION_CONDITIONS = DEBUG;
				SWIFT_OPTIMIZATION_LEVEL = "-Onone";
			};
			name = Debug;
		};
		ABAE56931FDF9C570066052B /* Release */ = {
			isa = XCBuildConfiguration;
			buildSettings = {
				ALWAYS_SEARCH_USER_PATHS = NO;
				CLANG_ANALYZER_NONNULL = YES;
				CLANG_ANALYZER_NUMBER_OBJECT_CONVERSION = YES_AGGRESSIVE;
				CLANG_CXX_LANGUAGE_STANDARD = "gnu++14";
				CLANG_CXX_LIBRARY = "libc++";
				CLANG_ENABLE_MODULES = YES;
				CLANG_ENABLE_OBJC_ARC = YES;
				CLANG_WARN_BLOCK_CAPTURE_AUTORELEASING = YES;
				CLANG_WARN_BOOL_CONVERSION = YES;
				CLANG_WARN_COMMA = YES;
				CLANG_WARN_CONSTANT_CONVERSION = YES;
				CLANG_WARN_DIRECT_OBJC_ISA_USAGE = YES_ERROR;
				CLANG_WARN_DOCUMENTATION_COMMENTS = YES;
				CLANG_WARN_EMPTY_BODY = YES;
				CLANG_WARN_ENUM_CONVERSION = YES;
				CLANG_WARN_INFINITE_RECURSION = YES;
				CLANG_WARN_INT_CONVERSION = YES;
				CLANG_WARN_NON_LITERAL_NULL_CONVERSION = YES;
				CLANG_WARN_OBJC_LITERAL_CONVERSION = YES;
				CLANG_WARN_OBJC_ROOT_CLASS = YES_ERROR;
				CLANG_WARN_RANGE_LOOP_ANALYSIS = YES;
				CLANG_WARN_STRICT_PROTOTYPES = YES;
				CLANG_WARN_SUSPICIOUS_MOVE = YES;
				CLANG_WARN_UNGUARDED_AVAILABILITY = YES_AGGRESSIVE;
				CLANG_WARN_UNREACHABLE_CODE = YES;
				CLANG_WARN__DUPLICATE_METHOD_MATCH = YES;
				CODE_SIGN_IDENTITY = "iPhone Developer";
				COPY_PHASE_STRIP = NO;
				DEBUG_INFORMATION_FORMAT = "dwarf-with-dsym";
				ENABLE_NS_ASSERTIONS = NO;
				ENABLE_STRICT_OBJC_MSGSEND = YES;
				GCC_C_LANGUAGE_STANDARD = gnu11;
				GCC_NO_COMMON_BLOCKS = YES;
				GCC_WARN_64_TO_32_BIT_CONVERSION = YES;
				GCC_WARN_ABOUT_RETURN_TYPE = YES_ERROR;
				GCC_WARN_UNDECLARED_SELECTOR = YES;
				GCC_WARN_UNINITIALIZED_AUTOS = YES_AGGRESSIVE;
				GCC_WARN_UNUSED_FUNCTION = YES;
				GCC_WARN_UNUSED_VARIABLE = YES;
				IPHONEOS_DEPLOYMENT_TARGET = 11.1;
				MTL_ENABLE_DEBUG_INFO = NO;
				SDKROOT = iphoneos;
				SWIFT_OPTIMIZATION_LEVEL = "-Owholemodule";
				VALIDATE_PRODUCT = YES;
			};
			name = Release;
		};
		ABAE56951FDF9C570066052B /* Debug */ = {
			isa = XCBuildConfiguration;
			buildSettings = {
				ASSETCATALOG_COMPILER_APPICON_NAME = AppIcon;
				CODE_SIGN_STYLE = Automatic;
				DEVELOPMENT_TEAM = 2658J76W2S;
				INFOPLIST_FILE = ExpressionBuilderDemo/Info.plist;
				LD_RUNPATH_SEARCH_PATHS = "$(inherited) @executable_path/Frameworks";
				PRODUCT_BUNDLE_IDENTIFIER = com.varun.ExpressionBuilderDemo;
				PRODUCT_NAME = "$(TARGET_NAME)";
				SWIFT_VERSION = 4.0;
				TARGETED_DEVICE_FAMILY = "1,2";
			};
			name = Debug;
		};
		ABAE56961FDF9C570066052B /* Release */ = {
			isa = XCBuildConfiguration;
			buildSettings = {
				ASSETCATALOG_COMPILER_APPICON_NAME = AppIcon;
				CODE_SIGN_STYLE = Automatic;
				DEVELOPMENT_TEAM = 2658J76W2S;
				INFOPLIST_FILE = ExpressionBuilderDemo/Info.plist;
				LD_RUNPATH_SEARCH_PATHS = "$(inherited) @executable_path/Frameworks";
				PRODUCT_BUNDLE_IDENTIFIER = com.varun.ExpressionBuilderDemo;
				PRODUCT_NAME = "$(TARGET_NAME)";
				SWIFT_VERSION = 4.0;
				TARGETED_DEVICE_FAMILY = "1,2";
			};
			name = Release;
		};
		ABAE56981FDF9C570066052B /* Debug */ = {
			isa = XCBuildConfiguration;
			buildSettings = {
				ALWAYS_EMBED_SWIFT_STANDARD_LIBRARIES = YES;
				BUNDLE_LOADER = "$(TEST_HOST)";
				CODE_SIGN_STYLE = Automatic;
				DEVELOPMENT_TEAM = 2658J76W2S;
				INFOPLIST_FILE = ExpressionBuilderDemoTests/Info.plist;
				LD_RUNPATH_SEARCH_PATHS = "$(inherited) @executable_path/Frameworks @loader_path/Frameworks";
				PRODUCT_BUNDLE_IDENTIFIER = com.varun.ExpressionBuilderDemoTests;
				PRODUCT_NAME = "$(TARGET_NAME)";
				SWIFT_VERSION = 4.0;
				TARGETED_DEVICE_FAMILY = "1,2";
				TEST_HOST = "$(BUILT_PRODUCTS_DIR)/ExpressionBuilderDemo.app/ExpressionBuilderDemo";
			};
			name = Debug;
		};
		ABAE56991FDF9C570066052B /* Release */ = {
			isa = XCBuildConfiguration;
			buildSettings = {
				ALWAYS_EMBED_SWIFT_STANDARD_LIBRARIES = YES;
				BUNDLE_LOADER = "$(TEST_HOST)";
				CODE_SIGN_STYLE = Automatic;
				DEVELOPMENT_TEAM = 2658J76W2S;
				INFOPLIST_FILE = ExpressionBuilderDemoTests/Info.plist;
				LD_RUNPATH_SEARCH_PATHS = "$(inherited) @executable_path/Frameworks @loader_path/Frameworks";
				PRODUCT_BUNDLE_IDENTIFIER = com.varun.ExpressionBuilderDemoTests;
				PRODUCT_NAME = "$(TARGET_NAME)";
				SWIFT_VERSION = 4.0;
				TARGETED_DEVICE_FAMILY = "1,2";
				TEST_HOST = "$(BUILT_PRODUCTS_DIR)/ExpressionBuilderDemo.app/ExpressionBuilderDemo";
			};
			name = Release;
		};
		ABAE569B1FDF9C570066052B /* Debug */ = {
			isa = XCBuildConfiguration;
			buildSettings = {
				ALWAYS_EMBED_SWIFT_STANDARD_LIBRARIES = YES;
				CODE_SIGN_STYLE = Automatic;
				DEVELOPMENT_TEAM = 2658J76W2S;
				INFOPLIST_FILE = ExpressionBuilderDemoUITests/Info.plist;
				LD_RUNPATH_SEARCH_PATHS = "$(inherited) @executable_path/Frameworks @loader_path/Frameworks";
				PRODUCT_BUNDLE_IDENTIFIER = com.varun.ExpressionBuilderDemoUITests;
				PRODUCT_NAME = "$(TARGET_NAME)";
				SWIFT_VERSION = 4.0;
				TARGETED_DEVICE_FAMILY = "1,2";
				TEST_TARGET_NAME = ExpressionBuilderDemo;
			};
			name = Debug;
		};
		ABAE569C1FDF9C570066052B /* Release */ = {
			isa = XCBuildConfiguration;
			buildSettings = {
				ALWAYS_EMBED_SWIFT_STANDARD_LIBRARIES = YES;
				CODE_SIGN_STYLE = Automatic;
				DEVELOPMENT_TEAM = 2658J76W2S;
				INFOPLIST_FILE = ExpressionBuilderDemoUITests/Info.plist;
				LD_RUNPATH_SEARCH_PATHS = "$(inherited) @executable_path/Frameworks @loader_path/Frameworks";
				PRODUCT_BUNDLE_IDENTIFIER = com.varun.ExpressionBuilderDemoUITests;
				PRODUCT_NAME = "$(TARGET_NAME)";
				SWIFT_VERSION = 4.0;
				TARGETED_DEVICE_FAMILY = "1,2";
				TEST_TARGET_NAME = ExpressionBuilderDemo;
			};
			name = Release;
		};
/* End XCBuildConfiguration section */

/* Begin XCConfigurationList section */
		ABAE56671FDF9C550066052B /* Build configuration list for PBXProject "ExpressionBuilderDemo" */ = {
			isa = XCConfigurationList;
			buildConfigurations = (
				ABAE56921FDF9C570066052B /* Debug */,
				ABAE56931FDF9C570066052B /* Release */,
			);
			defaultConfigurationIsVisible = 0;
			defaultConfigurationName = Release;
		};
		ABAE56941FDF9C570066052B /* Build configuration list for PBXNativeTarget "ExpressionBuilderDemo" */ = {
			isa = XCConfigurationList;
			buildConfigurations = (
				ABAE56951FDF9C570066052B /* Debug */,
				ABAE56961FDF9C570066052B /* Release */,
			);
			defaultConfigurationIsVisible = 0;
			defaultConfigurationName = Release;
		};
		ABAE56971FDF9C570066052B /* Build configuration list for PBXNativeTarget "ExpressionBuilderDemoTests" */ = {
			isa = XCConfigurationList;
			buildConfigurations = (
				ABAE56981FDF9C570066052B /* Debug */,
				ABAE56991FDF9C570066052B /* Release */,
			);
			defaultConfigurationIsVisible = 0;
			defaultConfigurationName = Release;
		};
		ABAE569A1FDF9C570066052B /* Build configuration list for PBXNativeTarget "ExpressionBuilderDemoUITests" */ = {
			isa = XCConfigurationList;
			buildConfigurations = (
				ABAE569B1FDF9C570066052B /* Debug */,
				ABAE569C1FDF9C570066052B /* Release */,
			);
			defaultConfigurationIsVisible = 0;
			defaultConfigurationName = Release;
		};
/* End XCConfigurationList section */
	};
	rootObject = ABAE56641FDF9C550066052B /* Project object */;
}
